<?xml version="1.0" encoding="utf-8"?>
<Project ToolsVersion="4.0" xmlns="http://schemas.microsoft.com/developer/msbuild/2003">
  <ItemGroup>
    <Filter Include="Source Files">
      <UniqueIdentifier>{4FC737F1-C7A5-4376-A066-2A32D752A2FF}</UniqueIdentifier>
      <Extensions>cpp;c;cc;cxx;def;odl;idl;hpj;bat;asm;asmx</Extensions>
    </Filter>
    <Filter Include="Header Files">
      <UniqueIdentifier>{93995380-89BD-4b04-88EB-625FBE52EBFB}</UniqueIdentifier>
      <Extensions>h;hh;hpp;hxx;hm;inl;inc;xsd</Extensions>
    </Filter>
    <Filter Include="Resource Files">
      <UniqueIdentifier>{67DA6AB6-F800-4c08-8B7A-83BB121AAD01}</UniqueIdentifier>
      <Extensions>rc;ico;cur;bmp;dlg;rc2;rct;bin;rgs;gif;jpg;jpeg;jpe;resx;tiff;tif;png;wav;mfcribbon-ms</Extensions>
    </Filter>
  </ItemGroup>
  <ItemGroup>
    <ClCompile Include="source\Neuron.cpp">
      <Filter>Source Files</Filter>
    </ClCompile>
    <ClCompile Include="source\Connection.cpp">
      <Filter>Source Files</Filter>
    </ClCompile>
    <ClCompile Include="source\NerualNetwork.cpp">
      <Filter>Source Files</Filter>
    </ClCompile>
    <ClCompile Include="source\TexRex.cpp">
      <Filter>Source Files</Filter>
    </ClCompile>
    <ClCompile Include="source\ImageFun.cpp">
      <Filter>Source Files</Filter>
    </ClCompile>
    <ClCompile Include="source\AnalysisJob.cpp">
      <Filter>Source Files</Filter>
    </ClCompile>
    <ClCompile Include="source\OCLFunctions.cpp">
      <Filter>Source Files</Filter>
    </ClCompile>
    <ClCompile Include="source\ConvolutionalNeuralNetwork.cpp">
      <Filter>Source Files</Filter>
    </ClCompile>
    <ClCompile Include="source\SimpleCommandInterface.cpp">
      <Filter>Source Files</Filter>
    </ClCompile>
  </ItemGroup>
  <ItemGroup>
    <ClInclude Include="include\Neuron.h">
      <Filter>Header Files</Filter>
    </ClInclude>
    <ClInclude Include="include\NeuralNetwork.h">
      <Filter>Header Files</Filter>
    </ClInclude>
    <ClInclude Include="include\Connection.h">
      <Filter>Header Files</Filter>
    </ClInclude>
    <ClInclude Include="include\ImageFun.h">
      <Filter>Header Files</Filter>
    </ClInclude>
    <ClInclude Include="include\AnalysisJob.h">
      <Filter>Header Files</Filter>
    </ClInclude>
    <ClInclude Include="include\OCLFunctions.h">
      <Filter>Header Files</Filter>
    </ClInclude>
    <ClInclude Include="include\ConvolutionalNeuralNetwork.h">
      <Filter>Header Files</Filter>
    </ClInclude>
    <ClInclude Include="include\DataSample.h">
      <Filter>Header Files</Filter>
    </ClInclude>
    <ClInclude Include="include\SimpleCommandInterface.h">
      <Filter>Header Files</Filter>
    </ClInclude>
  </ItemGroup>
  <ItemGroup>
    <None Include=".gitignore" />
    <None Include="README.md" />
    <None Include="data0.dat" />
    <None Include="test_plot.plt" />
  </ItemGroup>
  <ItemGroup>
    <Image Include="data\ABXY\ABXY.jpg">
      <Filter>Resource Files</Filter>
    </Image>
    <Image Include="data\some_text_tiny.jpg">
      <Filter>Resource Files</Filter>
    </Image>
    <Image Include="data\some_text.jpg">
      <Filter>Resource Files</Filter>
    </Image>
    <Image Include="data\a_lot_more_text.jpg">
      <Filter>Resource Files</Filter>
    </Image>
    <Image Include="data\SIMPLE\C\C7.jpg">
      <Filter>Resource Files</Filter>
    </Image>
    <Image Include="data\SIMPLE\A\A1.jpg">
      <Filter>Resource Files</Filter>
    </Image>
    <Image Include="data\SIMPLE\A\A2.jpg">
      <Filter>Resource Files</Filter>
    </Image>
    <Image Include="data\SIMPLE\A\A3.jpg">
      <Filter>Resource Files</Filter>
    </Image>
    <Image Include="data\SIMPLE\A\A4.jpg">
      <Filter>Resource Files</Filter>
    </Image>
    <Image Include="data\SIMPLE\A\A5.jpg">
      <Filter>Resource Files</Filter>
    </Image>
    <Image Include="data\SIMPLE\A\A6.jpg">
      <Filter>Resource Files</Filter>
    </Image>
    <Image Include="data\SIMPLE\A\A7.jpg">
      <Filter>Resource Files</Filter>
    </Image>
    <Image Include="data\SIMPLE\B\B1.jpg">
      <Filter>Resource Files</Filter>
    </Image>
    <Image Include="data\SIMPLE\B\B2.jpg">
      <Filter>Resource Files</Filter>
    </Image>
    <Image Include="data\SIMPLE\B\B3.jpg">
      <Filter>Resource Files</Filter>
    </Image>
    <Image Include="data\SIMPLE\B\B4.jpg">
      <Filter>Resource Files</Filter>
    </Image>
    <Image Include="data\SIMPLE\B\B5.jpg">
      <Filter>Resource Files</Filter>
    </Image>
    <Image Include="data\SIMPLE\B\B6.jpg">
      <Filter>Resource Files</Filter>
    </Image>
    <Image Include="data\SIMPLE\B\B7.jpg">
      <Filter>Resource Files</Filter>
    </Image>
    <Image Include="data\SIMPLE\C\C1.jpg">
      <Filter>Resource Files</Filter>
    </Image>
    <Image Include="data\SIMPLE\C\C2.jpg">
      <Filter>Resource Files</Filter>
    </Image>
    <Image Include="data\SIMPLE\C\C3.jpg">
      <Filter>Resource Files</Filter>
    </Image>
    <Image Include="data\SIMPLE\C\C4.jpg">
      <Filter>Resource Files</Filter>
    </Image>
    <Image Include="data\SIMPLE\C\C5.jpg">
      <Filter>Resource Files</Filter>
    </Image>
    <Image Include="data\SIMPLE\C\C6.jpg">
      <Filter>Resource Files</Filter>
    </Image>
    <Image Include="..\..\..\..\Downloads\simple_sample.jpg">
      <Filter>Resource Files</Filter>
    </Image>
    <Image Include="data\simple_sample.jpg">
      <Filter>Resource Files</Filter>
    </Image>
  </ItemGroup>
  <ItemGroup>
    <Text Include="data\CNN_JSON\network.txt" />
  </ItemGroup>
</Project>